
Microsoft Visual Studio Solution File, Format Version 12.00
# Visual Studio 14
VisualStudioVersion = 14.0.24720.0
MinimumVisualStudioVersion = 10.0.40219.1
Project("{FAE04EC0-301F-11D3-BF4B-00C04F79EFBC}") = "EFScenario.Bad", "EFScenario.Bad\EFScenario.Bad.csproj", "{CC35361F-A300-4CE3-8840-60086BE3CA8A}"
EndProject
Project("{FAE04EC0-301F-11D3-BF4B-00C04F79EFBC}") = "EFScenario.AdventureWorksLT", "EFScenario.AdventureWorksLT\EFScenario.AdventureWorksLT.csproj", "{6158E394-9949-4BAA-809B-1215F77FF4C8}"
EndProject
Global
	GlobalSection(SolutionConfigurationPlatforms) = preSolution
		Debug|Any CPU = Debug|Any CPU
		Release|Any CPU = Release|Any CPU
	EndGlobalSection
	GlobalSection(ProjectConfigurationPlatforms) = postSolution
		{CC35361F-A300-4CE3-8840-60086BE3CA8A}.Debug|Any CPU.ActiveCfg = Debug|Any CPU
		{CC35361F-A300-4CE3-8840-60086BE3CA8A}.Debug|Any CPU.Build.0 = Debug|Any CPU
		{CC35361F-A300-4CE3-8840-60086BE3CA8A}.Release|Any CPU.ActiveCfg = Release|Any CPU
		{CC35361F-A300-4CE3-8840-60086BE3CA8A}.Release|Any CPU.Build.0 = Release|Any CPU
		{6158E394-9949-4BAA-809B-1215F77FF4C8}.Debug|Any CPU.ActiveCfg = Debug|Any CPU
		{6158E394-9949-4BAA-809B-1215F77FF4C8}.Debug|Any CPU.Build.0 = Debug|Any CPU
		{6158E394-9949-4BAA-809B-1215F77FF4C8}.Release|Any CPU.ActiveCfg = Release|Any CPU
		{6158E394-9949-4BAA-809B-1215F77FF4C8}.Release|Any CPU.Build.0 = Release|Any CPU
	EndGlobalSection
	GlobalSection(SolutionProperties) = preSolution
		HideSolutionNode = FALSE
	EndGlobalSection
EndGlobal
